
Microsoft Visual Studio Solution File, Format Version 12.00
# Visual Studio Version 16
VisualStudioVersion = 16.0.34114.132
MinimumVisualStudioVersion = 10.0.40219.1
Project("{FAE04EC0-301F-11D3-BF4B-00C04F79EFBC}") = "NotesApp", "NotesApp.csproj", "{D2C13872-3886-4404-BE7E-324E28DD4CB6}"
EndProject
Global
	GlobalSection(SolutionConfigurationPlatforms) = preSolution
		Debug|Any CPU = Debug|Any CPU
		Release|Any CPU = Release|Any CPU
	EndGlobalSection
	GlobalSection(ProjectConfigurationPlatforms) = postSolution
		{D2C13872-3886-4404-BE7E-324E28DD4CB6}.Debug|Any CPU.ActiveCfg = Debug|Any CPU
		{D2C13872-3886-4404-BE7E-324E28DD4CB6}.Debug|Any CPU.Build.0 = Debug|Any CPU
		{D2C13872-3886-4404-BE7E-324E28DD4CB6}.Release|Any CPU.ActiveCfg = Release|Any CPU
		{D2C13872-3886-4404-BE7E-324E28DD4CB6}.Release|Any CPU.Build.0 = Release|Any CPU
	EndGlobalSection
	GlobalSection(SolutionProperties) = preSolution
		HideSolutionNode = FALSE
	EndGlobalSection
	GlobalSection(ExtensibilityGlobals) = postSolution
		SolutionGuid = {34EDC975-3E1A-43A9-9938-AC23BC9004BF}
	EndGlobalSection
EndGlobal
